
Microsoft Visual Studio Solution File, Format Version 12.00
# Visual Studio Version 16
VisualStudioVersion = 16.0.31229.75
MinimumVisualStudioVersion = 10.0.40219.1
Project("{9A19103F-16F7-4668-BE54-9A1E7A4F7556}") = "SunMarket.Web", "SunMarket.Web\SunMarket.Web.csproj", "{26B4845A-8E17-4F89-8F3B-C94FFC1CF2B4}"
EndProject
Project("{9A19103F-16F7-4668-BE54-9A1E7A4F7556}") = "SunMarket.Data", "SunMarket.Data\SunMarket.Data.csproj", "{F647FE95-6845-4CF8-897F-E8E7452DF287}"
EndProject
Project("{9A19103F-16F7-4668-BE54-9A1E7A4F7556}") = "SunMarket.Services", "SunMarket.Services\SunMarket.Services.csproj", "{57BB21B6-7D63-4545-AEA8-ADA75A66F14B}"
EndProject
Project("{9A19103F-16F7-4668-BE54-9A1E7A4F7556}") = "SunMarket.Test", "SunMarket.Test\SunMarket.Test.csproj", "{AB07441E-7D6A-4FA1-B9AB-5E6309410D63}"
EndProject
Global
	GlobalSection(SolutionConfigurationPlatforms) = preSolution
		Debug|Any CPU = Debug|Any CPU
		Release|Any CPU = Release|Any CPU
	EndGlobalSection
	GlobalSection(ProjectConfigurationPlatforms) = postSolution
		{26B4845A-8E17-4F89-8F3B-C94FFC1CF2B4}.Debug|Any CPU.ActiveCfg = Debug|Any CPU
		{26B4845A-8E17-4F89-8F3B-C94FFC1CF2B4}.Debug|Any CPU.Build.0 = Debug|Any CPU
		{26B4845A-8E17-4F89-8F3B-C94FFC1CF2B4}.Release|Any CPU.ActiveCfg = Release|Any CPU
		{26B4845A-8E17-4F89-8F3B-C94FFC1CF2B4}.Release|Any CPU.Build.0 = Release|Any CPU
		{F647FE95-6845-4CF8-897F-E8E7452DF287}.Debug|Any CPU.ActiveCfg = Debug|Any CPU
		{F647FE95-6845-4CF8-897F-E8E7452DF287}.Debug|Any CPU.Build.0 = Debug|Any CPU
		{F647FE95-6845-4CF8-897F-E8E7452DF287}.Release|Any CPU.ActiveCfg = Release|Any CPU
		{F647FE95-6845-4CF8-897F-E8E7452DF287}.Release|Any CPU.Build.0 = Release|Any CPU
		{57BB21B6-7D63-4545-AEA8-ADA75A66F14B}.Debug|Any CPU.ActiveCfg = Debug|Any CPU
		{57BB21B6-7D63-4545-AEA8-ADA75A66F14B}.Debug|Any CPU.Build.0 = Debug|Any CPU
		{57BB21B6-7D63-4545-AEA8-ADA75A66F14B}.Release|Any CPU.ActiveCfg = Release|Any CPU
		{57BB21B6-7D63-4545-AEA8-ADA75A66F14B}.Release|Any CPU.Build.0 = Release|Any CPU
		{AB07441E-7D6A-4FA1-B9AB-5E6309410D63}.Debug|Any CPU.ActiveCfg = Debug|Any CPU
		{AB07441E-7D6A-4FA1-B9AB-5E6309410D63}.Debug|Any CPU.Build.0 = Debug|Any CPU
		{AB07441E-7D6A-4FA1-B9AB-5E6309410D63}.Release|Any CPU.ActiveCfg = Release|Any CPU
		{AB07441E-7D6A-4FA1-B9AB-5E6309410D63}.Release|Any CPU.Build.0 = Release|Any CPU
	EndGlobalSection
	GlobalSection(SolutionProperties) = preSolution
		HideSolutionNode = FALSE
	EndGlobalSection
	GlobalSection(ExtensibilityGlobals) = postSolution
		SolutionGuid = {61CFAFCA-37D3-4E45-8BB9-8A9344E1B786}
	EndGlobalSection
EndGlobal
